
Microsoft Visual Studio Solution File, Format Version 12.00
# Visual Studio Version 17
VisualStudioVersion = 17.11.35327.3
MinimumVisualStudioVersion = 10.0.40219.1
Project("{FAE04EC0-301F-11D3-BF4B-00C04F79EFBC}") = "Lesson3.4", "Lesson3.4\Lesson3.4.csproj", "{74CBAC0B-52DE-4DD9-A7BF-2C698B3EB500}"
EndProject
Global
	GlobalSection(SolutionConfigurationPlatforms) = preSolution
		Debug|Any CPU = Debug|Any CPU
		Release|Any CPU = Release|Any CPU
	EndGlobalSection
	GlobalSection(ProjectConfigurationPlatforms) = postSolution
		{74CBAC0B-52DE-4DD9-A7BF-2C698B3EB500}.Debug|Any CPU.ActiveCfg = Debug|Any CPU
		{74CBAC0B-52DE-4DD9-A7BF-2C698B3EB500}.Debug|Any CPU.Build.0 = Debug|Any CPU
		{74CBAC0B-52DE-4DD9-A7BF-2C698B3EB500}.Release|Any CPU.ActiveCfg = Release|Any CPU
		{74CBAC0B-52DE-4DD9-A7BF-2C698B3EB500}.Release|Any CPU.Build.0 = Release|Any CPU
	EndGlobalSection
	GlobalSection(SolutionProperties) = preSolution
		HideSolutionNode = FALSE
	EndGlobalSection
	GlobalSection(ExtensibilityGlobals) = postSolution
		SolutionGuid = {580ED5A7-9CA9-4143-A504-366451220A14}
	EndGlobalSection
EndGlobal
